# THIS IS AN AUTOGENERATED FILE. DO NOT EDIT THIS FILE DIRECTLY.
# yarn lockfile v1


"@babel/code-frame@^7.0.0":
  version "7.0.0"
  resolved "https://registry.yarnpkg.com/@babel/code-frame/-/code-frame-7.0.0.tgz#06e2ab19bdb535385559aabb5ba59729482800f8"
  dependencies:
    "@babel/highlight" "^7.0.0"

"@babel/core@^7.0.0":
  version "7.4.4"
  resolved "https://registry.yarnpkg.com/@babel/core/-/core-7.4.4.tgz#84055750b05fcd50f9915a826b44fa347a825250"
  dependencies:
    "@babel/code-frame" "^7.0.0"
    "@babel/generator" "^7.4.4"
    "@babel/helpers" "^7.4.4"
    "@babel/parser" "^7.4.4"
    "@babel/template" "^7.4.4"
    "@babel/traverse" "^7.4.4"
    "@babel/types" "^7.4.4"
    convert-source-map "^1.1.0"
    debug "^4.1.0"
    json5 "^2.1.0"
    lodash "^4.17.11"
    resolve "^1.3.2"
    semver "^5.4.1"
    source-map "^0.5.0"

"@babel/generator@^7.4.4":
  version "7.4.4"
  resolved "https://registry.yarnpkg.com/@babel/generator/-/generator-7.4.4.tgz#174a215eb843fc392c7edcaabeaa873de6e8f041"
  dependencies:
    "@babel/types" "^7.4.4"
    jsesc "^2.5.1"
    lodash "^4.17.11"
    source-map "^0.5.0"
    trim-right "^1.0.1"

"@babel/helper-function-name@^7.1.0":
  version "7.1.0"
  resolved "https://registry.yarnpkg.com/@babel/helper-function-name/-/helper-function-name-7.1.0.tgz#a0ceb01685f73355d4360c1247f582bfafc8ff53"
  dependencies:
    "@babel/helper-get-function-arity" "^7.0.0"
    "@babel/template" "^7.1.0"
    "@babel/types" "^7.0.0"

"@babel/helper-get-function-arity@^7.0.0":
  version "7.0.0"
  resolved "https://registry.yarnpkg.com/@babel/helper-get-function-arity/-/helper-get-function-arity-7.0.0.tgz#83572d4320e2a4657263734113c42868b64e49c3"
  dependencies:
    "@babel/types" "^7.0.0"

"@babel/helper-split-export-declaration@^7.4.4":
  version "7.4.4"
  resolved "https://registry.yarnpkg.com/@babel/helper-split-export-declaration/-/helper-split-export-declaration-7.4.4.tgz#ff94894a340be78f53f06af038b205c49d993677"
  dependencies:
    "@babel/types" "^7.4.4"

"@babel/helpers@^7.4.4":
  version "7.4.4"
  resolved "https://registry.yarnpkg.com/@babel/helpers/-/helpers-7.4.4.tgz#868b0ef59c1dd4e78744562d5ce1b59c89f2f2a5"
  dependencies:
    "@babel/template" "^7.4.4"
    "@babel/traverse" "^7.4.4"
    "@babel/types" "^7.4.4"

"@babel/highlight@^7.0.0":
  version "7.0.0"
  resolved "https://registry.yarnpkg.com/@babel/highlight/-/highlight-7.0.0.tgz#f710c38c8d458e6dd9a201afb637fcb781ce99e4"
  dependencies:
    chalk "^2.0.0"
    esutils "^2.0.2"
    js-tokens "^4.0.0"

"@babel/parser@^7.4.4":
  version "7.4.4"
  resolved "https://registry.yarnpkg.com/@babel/parser/-/parser-7.4.4.tgz#5977129431b8fe33471730d255ce8654ae1250b6"

"@babel/runtime@^7.0.0":
  version "7.4.4"
  resolved "https://registry.yarnpkg.com/@babel/runtime/-/runtime-7.4.4.tgz#dc2e34982eb236803aa27a07fea6857af1b9171d"
  dependencies:
    regenerator-runtime "^0.13.2"

"@babel/template@^7.1.0", "@babel/template@^7.4.4":
  version "7.4.4"
  resolved "https://registry.yarnpkg.com/@babel/template/-/template-7.4.4.tgz#f4b88d1225689a08f5bc3a17483545be9e4ed237"
  dependencies:
    "@babel/code-frame" "^7.0.0"
    "@babel/parser" "^7.4.4"
    "@babel/types" "^7.4.4"

"@babel/traverse@^7.4.4":
  version "7.4.4"
  resolved "https://registry.yarnpkg.com/@babel/traverse/-/traverse-7.4.4.tgz#0776f038f6d78361860b6823887d4f3937133fe8"
  dependencies:
    "@babel/code-frame" "^7.0.0"
    "@babel/generator" "^7.4.4"
    "@babel/helper-function-name" "^7.1.0"
    "@babel/helper-split-export-declaration" "^7.4.4"
    "@babel/parser" "^7.4.4"
    "@babel/types" "^7.4.4"
    debug "^4.1.0"
    globals "^11.1.0"
    lodash "^4.17.11"

"@babel/types@^7.0.0", "@babel/types@^7.4.4":
  version "7.4.4"
  resolved "https://registry.yarnpkg.com/@babel/types/-/types-7.4.4.tgz#8db9e9a629bb7c29370009b4b779ed93fe57d5f0"
  dependencies:
    esutils "^2.0.2"
    lodash "^4.17.11"
    to-fast-properties "^2.0.0"

"@types/events@*":
  version "3.0.0"
  resolved "https://registry.yarnpkg.com/@types/events/-/events-3.0.0.tgz#2862f3f58a9a7f7c3e78d79f130dd4d71c25c2a7"

"@types/glob@^7.1.1":
  version "7.1.1"
  resolved "https://registry.yarnpkg.com/@types/glob/-/glob-7.1.1.tgz#aa59a1c6e3fbc421e07ccd31a944c30eba521575"
  dependencies:
    "@types/events" "*"
    "@types/minimatch" "*"
    "@types/node" "*"

"@types/minimatch@*":
  version "3.0.3"
  resolved "https://registry.yarnpkg.com/@types/minimatch/-/minimatch-3.0.3.tgz#3dca0e3f33b200fc7d1139c0cd96c1268cadfd9d"

"@types/node@*", "@types/node@^11.13.8":
  version "11.13.8"
  resolved "https://registry.yarnpkg.com/@types/node/-/node-11.13.8.tgz#e5d71173c95533be9842b2c798978f095f912aab"

"@types/prop-types@*":
  version "15.7.1"
  resolved "https://registry.yarnpkg.com/@types/prop-types/-/prop-types-15.7.1.tgz#f1a11e7babb0c3cad68100be381d1e064c68f1f6"

"@types/react@^16.8.15":
  version "16.8.15"
  resolved "https://registry.yarnpkg.com/@types/react/-/react-16.8.15.tgz#a76515fed5aa3e996603056f54427fec5f2a5122"
  dependencies:
    "@types/prop-types" "*"
    csstype "^2.2.0"

ansi-styles@^3.2.1:
  version "3.2.1"
  resolved "https://registry.yarnpkg.com/ansi-styles/-/ansi-styles-3.2.1.tgz#41fbb20243e50b12be0f04b8dedbf07520ce841d"
  dependencies:
    color-convert "^1.9.0"

arg@^4.1.0:
  version "4.1.0"
  resolved "https://registry.yarnpkg.com/arg/-/arg-4.1.0.tgz#583c518199419e0037abb74062c37f8519e575f0"

ast-types@0.12.4:
  version "0.12.4"
  resolved "https://registry.yarnpkg.com/ast-types/-/ast-types-0.12.4.tgz#71ce6383800f24efc9a1a3308f3a6e420a0974d1"

async@^2.1.4:
  version "2.6.2"
  resolved "https://registry.yarnpkg.com/async/-/async-2.6.2.tgz#18330ea7e6e313887f5d2f2a904bac6fe4dd5381"
  dependencies:
    lodash "^4.17.11"

balanced-match@^1.0.0:
  version "1.0.0"
  resolved "https://registry.yarnpkg.com/balanced-match/-/balanced-match-1.0.0.tgz#89b4d199ab2bee49de164ea02b89ce462d71b767"

brace-expansion@^1.1.7:
  version "1.1.11"
  resolved "https://registry.yarnpkg.com/brace-expansion/-/brace-expansion-1.1.11.tgz#3c7fcbf529d87226f3d2f52b966ff5271eb441dd"
  dependencies:
    balanced-match "^1.0.0"
    concat-map "0.0.1"

buffer-from@^1.0.0:
  version "1.1.1"
  resolved "https://registry.yarnpkg.com/buffer-from/-/buffer-from-1.1.1.tgz#32713bc028f75c02fdb710d7c7bcec1f2c6070ef"

chalk@^2.0.0:
  version "2.4.2"
  resolved "https://registry.yarnpkg.com/chalk/-/chalk-2.4.2.tgz#cd42541677a54333cf541a49108c1432b44c9424"
  dependencies:
    ansi-styles "^3.2.1"
    escape-string-regexp "^1.0.5"
    supports-color "^5.3.0"

color-convert@^1.9.0:
  version "1.9.3"
  resolved "https://registry.yarnpkg.com/color-convert/-/color-convert-1.9.3.tgz#bb71850690e1f136567de629d2d5471deda4c1e8"
  dependencies:
    color-name "1.1.3"

color-name@1.1.3:
  version "1.1.3"
  resolved "https://registry.yarnpkg.com/color-name/-/color-name-1.1.3.tgz#a7d0558bd89c42f795dd42328f740831ca53bc25"

commander@^2.19.0, commander@^2.20.0:
  version "2.20.0"
  resolved "https://registry.yarnpkg.com/commander/-/commander-2.20.0.tgz#d58bb2b5c1ee8f87b0d340027e9e94e222c5a422"

concat-map@0.0.1:
  version "0.0.1"
  resolved "https://registry.yarnpkg.com/concat-map/-/concat-map-0.0.1.tgz#d8a96bd77fd68df7793a73036a3ba0d5405d477b"

convert-source-map@^1.1.0:
  version "1.6.0"
  resolved "https://registry.yarnpkg.com/convert-source-map/-/convert-source-map-1.6.0.tgz#51b537a8c43e0f04dec1993bffcdd504e758ac20"
  dependencies:
    safe-buffer "~5.1.1"

csstype@^2.2.0:
  version "2.6.4"
  resolved "https://registry.yarnpkg.com/csstype/-/csstype-2.6.4.tgz#d585a6062096e324e7187f80e04f92bd0f00e37f"

debug@^4.1.0:
  version "4.1.1"
  resolved "https://registry.yarnpkg.com/debug/-/debug-4.1.1.tgz#3b72260255109c6b589cee050f1d516139664791"
  dependencies:
    ms "^2.1.1"

diff@^3.1.0:
  version "3.5.0"
  resolved "https://registry.yarnpkg.com/diff/-/diff-3.5.0.tgz#800c0dd1e0a8bfbc95835c202ad220fe317e5a12"

doctrine@^3.0.0:
  version "3.0.0"
  resolved "https://registry.yarnpkg.com/doctrine/-/doctrine-3.0.0.tgz#addebead72a6574db783639dc87a121773973961"
  dependencies:
    esutils "^2.0.2"

escape-string-regexp@^1.0.5:
  version "1.0.5"
  resolved "https://registry.yarnpkg.com/escape-string-regexp/-/escape-string-regexp-1.0.5.tgz#1b61c0562190a8dff6ae3bb2cf0200ca130b86d4"

esprima@~4.0.0:
  version "4.0.1"
  resolved "https://registry.yarnpkg.com/esprima/-/esprima-4.0.1.tgz#13b04cdb3e6c5d19df91ab6987a8695619b0aa71"

esutils@^2.0.2:
  version "2.0.2"
  resolved "https://registry.yarnpkg.com/esutils/-/esutils-2.0.2.tgz#0abf4f1caa5bcb1f7a9d8acc6dea4faaa04bac9b"

fs.realpath@^1.0.0:
  version "1.0.0"
  resolved "https://registry.yarnpkg.com/fs.realpath/-/fs.realpath-1.0.0.tgz#1504ad2523158caa40db4a2787cb01411994ea4f"

glob@^7.1.3:
  version "7.1.3"
  resolved "https://registry.yarnpkg.com/glob/-/glob-7.1.3.tgz#3960832d3f1574108342dafd3a67b332c0969df1"
  dependencies:
    fs.realpath "^1.0.0"
    inflight "^1.0.4"
    inherits "2"
    minimatch "^3.0.4"
    once "^1.3.0"
    path-is-absolute "^1.0.0"

globals@^11.1.0:
  version "11.12.0"
  resolved "https://registry.yarnpkg.com/globals/-/globals-11.12.0.tgz#ab8795338868a0babd8525758018c2a7eb95c42e"

has-flag@^3.0.0:
  version "3.0.0"
  resolved "https://registry.yarnpkg.com/has-flag/-/has-flag-3.0.0.tgz#b5d454dc2199ae225699f3467e5a07f3b955bafd"

inflight@^1.0.4:
  version "1.0.6"
  resolved "https://registry.yarnpkg.com/inflight/-/inflight-1.0.6.tgz#49bd6331d7d02d0c09bc910a1075ba8165b56df9"
  dependencies:
    once "^1.3.0"
    wrappy "1"

inherits@2:
  version "2.0.3"
  resolved "https://registry.yarnpkg.com/inherits/-/inherits-2.0.3.tgz#633c2c83e3da42a502f52466022480f4208261de"

"js-tokens@^3.0.0 || ^4.0.0", js-tokens@^4.0.0:
  version "4.0.0"
  resolved "https://registry.yarnpkg.com/js-tokens/-/js-tokens-4.0.0.tgz#19203fb59991df98e3a287050d4647cdeaf32499"

jsesc@^2.5.1:
  version "2.5.2"
  resolved "https://registry.yarnpkg.com/jsesc/-/jsesc-2.5.2.tgz#80564d2e483dacf6e8ef209650a67df3f0c283a4"

json5@^2.1.0:
  version "2.1.0"
  resolved "https://registry.yarnpkg.com/json5/-/json5-2.1.0.tgz#e7a0c62c48285c628d20a10b85c89bb807c32850"
  dependencies:
    minimist "^1.2.0"

lodash@^4.17.11:
  version "4.17.11"
  resolved "https://registry.yarnpkg.com/lodash/-/lodash-4.17.11.tgz#b39ea6229ef607ecd89e2c8df12536891cac9b8d"

loose-envify@^1.1.0, loose-envify@^1.4.0:
  version "1.4.0"
  resolved "https://registry.yarnpkg.com/loose-envify/-/loose-envify-1.4.0.tgz#71ee51fa7be4caec1a63839f7e682d8132d30caf"
  dependencies:
    js-tokens "^3.0.0 || ^4.0.0"

make-error@^1.1.1:
  version "1.3.5"
  resolved "https://registry.yarnpkg.com/make-error/-/make-error-1.3.5.tgz#efe4e81f6db28cadd605c70f29c831b58ef776c8"

minimatch@^3.0.2, minimatch@^3.0.4:
  version "3.0.4"
  resolved "https://registry.yarnpkg.com/minimatch/-/minimatch-3.0.4.tgz#5166e286457f03306064be5497e8dbb0c3d32083"
  dependencies:
    brace-expansion "^1.1.7"

minimist@^1.2.0:
  version "1.2.0"
  resolved "https://registry.yarnpkg.com/minimist/-/minimist-1.2.0.tgz#a35008b20f41383eec1fb914f4cd5df79a264284"

ms@^2.1.1:
  version "2.1.1"
  resolved "https://registry.yarnpkg.com/ms/-/ms-2.1.1.tgz#30a5864eb3ebb0a66f2ebe6d727af06a09d86e0a"

node-dir@^0.1.10:
  version "0.1.17"
  resolved "https://registry.yarnpkg.com/node-dir/-/node-dir-0.1.17.tgz#5f5665d93351335caabef8f1c554516cf5f1e4e5"
  dependencies:
    minimatch "^3.0.2"

object-assign@^4.1.1:
  version "4.1.1"
  resolved "https://registry.yarnpkg.com/object-assign/-/object-assign-4.1.1.tgz#2109adc7965887cfc05cbbd442cac8bfbb360863"

once@^1.3.0:
  version "1.4.0"
  resolved "https://registry.yarnpkg.com/once/-/once-1.4.0.tgz#583b1aa775961d4b113ac17d9c50baef9dd76bd1"
  dependencies:
    wrappy "1"

path-is-absolute@^1.0.0:
  version "1.0.1"
  resolved "https://registry.yarnpkg.com/path-is-absolute/-/path-is-absolute-1.0.1.tgz#174b9268735534ffbc7ace6bf53a5a9e1b5c5f5f"

path-parse@^1.0.6:
  version "1.0.6"
  resolved "https://registry.yarnpkg.com/path-parse/-/path-parse-1.0.6.tgz#d62dbb5679405d72c4737ec58600e9ddcf06d24c"

private@^0.1.8:
  version "0.1.8"
  resolved "https://registry.yarnpkg.com/private/-/private-0.1.8.tgz#2381edb3689f7a53d653190060fcf822d2f368ff"

prop-types@^15.6.2:
  version "15.7.2"
  resolved "https://registry.yarnpkg.com/prop-types/-/prop-types-15.7.2.tgz#52c41e75b8c87e72b9d9360e0206b99dcbffa6c5"
  dependencies:
    loose-envify "^1.4.0"
    object-assign "^4.1.1"
    react-is "^16.8.1"

react-docgen-typescript@^1.12.4:
  version "1.12.4"
  resolved "https://registry.yarnpkg.com/react-docgen-typescript/-/react-docgen-typescript-1.12.4.tgz#9ec8080e9ef41067ff17153bf42b3b2d49ae5503"
  integrity sha512-OSmUfmdtcz4kLRWPiR8uUdE8ta+s5DV0uXOz1YsWaAUf3Ty64use7DYWK97zH8ZOlD4slq5zUfGc+UbfGLqfEQ==

react-docgen@^4.1.0:
  version "4.1.0"
  resolved "https://registry.yarnpkg.com/react-docgen/-/react-docgen-4.1.0.tgz#218887feba5b2c36af337879a27e74bda90ed7cb"
  dependencies:
    "@babel/core" "^7.0.0"
    "@babel/runtime" "^7.0.0"
    async "^2.1.4"
    commander "^2.19.0"
    doctrine "^3.0.0"
    node-dir "^0.1.10"
    recast "^0.17.3"

react-is@^16.8.1:
  version "16.8.6"
  resolved "https://registry.yarnpkg.com/react-is/-/react-is-16.8.6.tgz#5bbc1e2d29141c9fbdfed456343fe2bc430a6a16"

react@^16.8.6:
  version "16.8.6"
  resolved "https://registry.yarnpkg.com/react/-/react-16.8.6.tgz#ad6c3a9614fd3a4e9ef51117f54d888da01f2bbe"
  dependencies:
    loose-envify "^1.1.0"
    object-assign "^4.1.1"
    prop-types "^15.6.2"
    scheduler "^0.13.6"

recast@^0.17.3:
  version "0.17.6"
  resolved "https://registry.yarnpkg.com/recast/-/recast-0.17.6.tgz#64ae98d0d2dfb10ff92ff5fb9ffb7371823b69fa"
  dependencies:
    ast-types "0.12.4"
    esprima "~4.0.0"
    private "^0.1.8"
    source-map "~0.6.1"

regenerator-runtime@^0.13.2:
  version "0.13.2"
  resolved "https://registry.yarnpkg.com/regenerator-runtime/-/regenerator-runtime-0.13.2.tgz#32e59c9a6fb9b1a4aff09b4930ca2d4477343447"

resolve@^1.3.2:
  version "1.10.1"
  resolved "https://registry.yarnpkg.com/resolve/-/resolve-1.10.1.tgz#664842ac960795bbe758221cdccda61fb64b5f18"
  dependencies:
    path-parse "^1.0.6"

rimraf@^2.6.3:
  version "2.6.3"
  resolved "https://registry.yarnpkg.com/rimraf/-/rimraf-2.6.3.tgz#b2d104fe0d8fb27cf9e0a1cda8262dd3833c6cab"
  dependencies:
    glob "^7.1.3"

safe-buffer@~5.1.1:
  version "5.1.2"
  resolved "https://registry.yarnpkg.com/safe-buffer/-/safe-buffer-5.1.2.tgz#991ec69d296e0313747d59bdfd2b745c35f8828d"

scheduler@^0.13.6:
  version "0.13.6"
  resolved "https://registry.yarnpkg.com/scheduler/-/scheduler-0.13.6.tgz#466a4ec332467b31a91b9bf74e5347072e4cd889"
  dependencies:
    loose-envify "^1.1.0"
    object-assign "^4.1.1"

semver@^5.4.1:
  version "5.7.0"
  resolved "https://registry.yarnpkg.com/semver/-/semver-5.7.0.tgz#790a7cf6fea5459bac96110b29b60412dc8ff96b"

source-map-support@^0.5.6:
  version "0.5.12"
  resolved "https://registry.yarnpkg.com/source-map-support/-/source-map-support-0.5.12.tgz#b4f3b10d51857a5af0138d3ce8003b201613d599"
  dependencies:
    buffer-from "^1.0.0"
    source-map "^0.6.0"

source-map@^0.5.0:
  version "0.5.7"
  resolved "https://registry.yarnpkg.com/source-map/-/source-map-0.5.7.tgz#8a039d2d1021d22d1ea14c80d8ea468ba2ef3fcc"

source-map@^0.6.0, source-map@~0.6.1:
  version "0.6.1"
  resolved "https://registry.yarnpkg.com/source-map/-/source-map-0.6.1.tgz#74722af32e9614e9c287a8d0bbde48b5e2f1a263"

supports-color@^5.3.0:
  version "5.5.0"
  resolved "https://registry.yarnpkg.com/supports-color/-/supports-color-5.5.0.tgz#e2e69a44ac8772f78a1ec0b35b689df6530efc8f"
  dependencies:
    has-flag "^3.0.0"

to-fast-properties@^2.0.0:
  version "2.0.0"
  resolved "https://registry.yarnpkg.com/to-fast-properties/-/to-fast-properties-2.0.0.tgz#dc5e698cbd079265bc73e0377681a4e4e83f616e"

trim-right@^1.0.1:
  version "1.0.1"
  resolved "https://registry.yarnpkg.com/trim-right/-/trim-right-1.0.1.tgz#cb2e1203067e0c8de1f614094b9fe45704ea6003"

ts-node@^8.1.0:
  version "8.1.0"
  resolved "https://registry.yarnpkg.com/ts-node/-/ts-node-8.1.0.tgz#8c4b37036abd448577db22a061fd7a67d47e658e"
  dependencies:
    arg "^4.1.0"
    diff "^3.1.0"
    make-error "^1.1.1"
    source-map-support "^0.5.6"
    yn "^3.0.0"

typescript@^3.4.5:
  version "3.4.5"
  resolved "https://registry.yarnpkg.com/typescript/-/typescript-3.4.5.tgz#2d2618d10bb566572b8d7aad5180d84257d70a99"

wrappy@1:
  version "1.0.2"
  resolved "https://registry.yarnpkg.com/wrappy/-/wrappy-1.0.2.tgz#b5243d8f3ec1aa35f1364605bc0d1036e30ab69f"

yn@^3.0.0:
  version "3.1.0"
  resolved "https://registry.yarnpkg.com/yn/-/yn-3.1.0.tgz#fcbe2db63610361afcc5eb9e0ac91e976d046114"
